
Microsoft Visual Studio Solution File, Format Version 12.00
# Visual Studio Version 16
VisualStudioVersion = 16.0.31729.503
MinimumVisualStudioVersion = 10.0.40219.1
Project("{FAE04EC0-301F-11D3-BF4B-00C04F79EFBC}") = "HashTableLinkedList", "HashTableLinkedList\HashTableLinkedList.csproj", "{A70CEAEE-7DA4-4755-A761-4888E3CB73B2}"
EndProject
Global
	GlobalSection(SolutionConfigurationPlatforms) = preSolution
		Debug|Any CPU = Debug|Any CPU
		Release|Any CPU = Release|Any CPU
	EndGlobalSection
	GlobalSection(ProjectConfigurationPlatforms) = postSolution
		{A70CEAEE-7DA4-4755-A761-4888E3CB73B2}.Debug|Any CPU.ActiveCfg = Debug|Any CPU
		{A70CEAEE-7DA4-4755-A761-4888E3CB73B2}.Debug|Any CPU.Build.0 = Debug|Any CPU
		{A70CEAEE-7DA4-4755-A761-4888E3CB73B2}.Release|Any CPU.ActiveCfg = Release|Any CPU
		{A70CEAEE-7DA4-4755-A761-4888E3CB73B2}.Release|Any CPU.Build.0 = Release|Any CPU
	EndGlobalSection
	GlobalSection(SolutionProperties) = preSolution
		HideSolutionNode = FALSE
	EndGlobalSection
	GlobalSection(ExtensibilityGlobals) = postSolution
		SolutionGuid = {8DFEC49C-BC9C-4493-A857-602C779F0C05}
	EndGlobalSection
EndGlobal
